<Solution>
  <Folder Name="/Solution Items/">
    <File Path="global.json" />
    <File Path="LICENSE" />
    <File Path="nuget.config" />
    <File Path="stylecop.json" />
    <File Path=".csharpierrc.yaml" />
    <File Path=".editorconfig" />
    <File Path=".gitattributes" />
    <File Path=".gitignore" />
    <File Path="CONTRIBUTION.md" />
    <File Path="README.md" />
    <File Path=".dockerignore" />
    <File Path="commitlint.config.js" />
    <File Path="cz-config.js" />
    <File Path="package.json" />
    <File Path=".markdownlint.json" />
    <File Path=".markdownlintignore" />
    <File Path=".nvmrc" />
    <File Path=".node_version" />
    <File Path="version.json" />
    <File Path=".cursorrules" />
    <File Path="CODE-TO-CONDUCT.md" />
    <File Path=".spectral.yml" />
  </Folder>
  <Folder Name="/Solution Items/.config/">
    <File Path=".config\dotnet-tools.json" />
  </Folder>
  <Folder Name="/Solution Items/.devcontainer/">
    <File Path=".devcontainer\devcontainer.json" />
    <File Path=".devcontainer\docker-compose.yml" />
    <File Path=".devcontainer\Dockerfile" />
    <File Path=".devcontainer\devcontainers.md" />
  </Folder>
  <Folder Name="/Solution Items/.devcontainer/scripts/">
    <File Path=".devcontainer\scripts\post-create.sh" />
    <File Path=".devcontainer\scripts\setup-fonts.sh" />
    <File Path=".devcontainer\scripts\update.sh" />
  </Folder>

  <Folder Name="/Solution Items/.vscode/">
    <File Path=".vscode\settings.json" />
  </Folder>
  <Folder Name="/Solution Items/build/">
    <Project Path="build\_build.csproj" Type="Classic C#" />
    <File Path="build.cmd" />
    <File Path="build.ps1" />
    <File Path="build.sh" />
    <File Path="build\Directory.Build.props" />
    <File Path="build\Directory.Build.targets" />
    <File Path="build\Directory.Packages.props" />
  </Folder>
  <Folder Name="/Solution Items/deployments/" />
  <Folder Name="/Solution Items/deployments/aspire/">
    <Project Path="deployments\aspire\LSevin.AppHost\LSevin.AppHost.csproj" Type="Classic C#" />
    <File Path="deployments\aspire\Directory.Packages.props" />
    <File Path="deployments\aspire\Packages.props" />
  </Folder>
  <Folder Name="/Solution Items/deployments/docker/">
    <File Path="deployments/docker/docker-compose.yml" />
    <File Path="deployments\docker\docker-compose.dcproj" />
    <File Path="deployments\docker\Infrastructure.yml" />
    <File Path="deployments\docker\docker-compose.override.yml" />
  </Folder>
  <Folder Name="/Solution Items/deployments/k8s/">
    <File Path="deployments\k8s\jaeger.yaml" />
    <File Path="deployments\k8s\postgresql.yaml" />
    <File Path="deployments\k8s\redis.yaml" />
    <File Path="deployments\k8s\eventstore.yaml" />
    <File Path="deployments\k8s\lsevin-api.yaml" />
    <File Path="deployments\k8s\lsevin-api-gateway.yaml" />
  </Folder>
  <Folder Name="/Solution Items/deployments/k8s/config-maps/">
    <File Path="deployments\k8s\config-maps\postgres-configmap.yaml" />
  </Folder>
  <Folder Name="/Solution Items/deployments/pm2/">
    <File Path="deployments\pm2\pm2.json" />
    <File Path="deployments\pm2\pm2.yaml" />
  </Folder>
  <Folder Name="/Solution Items/deployments/tye/">
    <File Path="deployments\tye\tye.yaml" />
  </Folder>
  <Folder Name="/Solution Items/memory-bank/">
    <File Path="memory-bank/projectbrief.md" />
    <File Path="memory-bank/productContext.md" />
    <File Path="memory-bank/systemPatterns.md" />
    <File Path="memory-bank/techContext.md" />
    <File Path="memory-bank/activeContext.md" />
    <File Path="memory-bank/progress.md" />
  </Folder>
  <Folder Name="/src/">
    <File Path="src\Directory.Build.props" />
    <File Path="src\Directory.Build.targets" />
    <File Path="src\Directory.Packages.props" />
    <File Path="src\Packages.props" />
  </Folder>
  <Folder Name="/src/API/">
    <Project Path="src\API\LSevin.ApiGateway.Yarp\LSevin.ApiGateway.Yarp.csproj" Type="Classic C#" />
    <Project Path="src\API\LSevin.Api\LSevin.Api.csproj" Type="Classic C#" />
  </Folder>
  <Folder Name="/src/BuildingBlocks/">
    <Project Path="src\BuildingBlocks\BuildingBlocks.Caching\BuildingBlocks.Caching.csproj" Type="Classic C#" />
    <Project Path="src\BuildingBlocks\BuildingBlocks.Core\BuildingBlocks.Core.csproj" Type="Classic C#" />
    <Project
      Path="src\BuildingBlocks\BuildingBlocks.OpenTelemetry\BuildingBlocks.OpenTelemetry.csproj"
      Type="Classic C#"
    />
    <Project
      Path="src\BuildingBlocks\BuildingBlocks.Persistence.EfCore.Postgres\BuildingBlocks.Persistence.EfCore.Postgres.csproj"
      Type="Classic C#"
    />
    <Project
      Path="src\BuildingBlocks\BuildingBlocks.Persistence.EventStoreDB\BuildingBlocks.Persistence.EventStoreDB.csproj"
      Type="Classic C#"
    />
    <Project Path="src\BuildingBlocks\BuildingBlocks.Security\BuildingBlocks.Security.csproj" Type="Classic C#" />
    <Project Path="src\BuildingBlocks\BuildingBlocks.Validation\BuildingBlocks.Validation.csproj" Type="Classic C#" />
    <Project Path="src\BuildingBlocks\BuildingBlocks.Web\BuildingBlocks.Web.csproj" Type="Classic C#" />
  </Folder>
  <Folder Name="/src/Modules/" />
  <Folder Name="/src/Modules/Category/">
    <Project Path="src\Modules\Category\LSevin.Modules.Category\LSevin.Modules.Category.csproj" Type="Classic C#" />
  </Folder>
  <Folder Name="/src/Modules/Common/">
    <Project Path="src\Modules\Common\LSevin.Modules.Common\LSevin.Modules.Common.csproj" Type="Classic C#" />
  </Folder>
  <Folder Name="/src/Modules/Customer/">
    <Project Path="src\Modules\Customer\LSevin.Modules.Customer\LSevin.Modules.Customer.csproj" Type="Classic C#" />
  </Folder>
  <Folder Name="/src/Modules/Identity/">
    <Project Path="src\Modules\Identity\LSevin.Modules.Identity\LSevin.Modules.Identity.csproj" Type="Classic C#" />
  </Folder>
  <Folder Name="/tests/">
    <File Path="tests\Directory.Packages.props" />
    <File Path="tests\Packages.props" />
    <File Path="tests\Directory.Build.props" />
    <File Path="tests\Directory.Build.targets" />
  </Folder>
  <Folder Name="/tests/modules/" />
  <Folder Name="/tests/modules/Customer/">
    <Project
      Path="tests\modules\Customer\LSevin.Modules.Customer.ArchitectureTests\LSevin.Modules.Customer.ArchitectureTests.csproj"
      Type="Classic C#"
    />
  </Folder>
  <Folder Name="/tests/modules/Identity/">
    <Project
      Path="tests\modules\Identity\LSevin.Modules.Identity.ArchitectureTests\LSevin.Modules.Identity.ArchitectureTests.csproj"
      Type="Classic C#"
    />
  </Folder>
  <Folder Name="/tests/shared/">
    <Project Path="tests\shared\LSevin.ArchitectureTests\LSevin.ArchitectureTests.csproj" Type="Classic C#" />
    <Project Path="tests\shared\LSevin.Tests.Shared\LSevin.Tests.Shared.csproj" Type="Classic C#" />
    <Project Path="tests\shared\LSevin.UnitTests\LSevin.UnitTests.csproj" Type="Classic C#" />
  </Folder>
</Solution>
